
Microsoft Visual Studio Solution File, Format Version 12.00
# Visual Studio Version 17
VisualStudioVersion = 17.6.33829.357
MinimumVisualStudioVersion = 10.0.40219.1
Project("{FAE04EC0-301F-11D3-BF4B-00C04F79EFBC}") = "Exer-01", "Exer-01.csproj", "{DE8E8D54-06FE-4816-96FF-805D35A0E2AF}"
EndProject
Project("{FAE04EC0-301F-11D3-BF4B-00C04F79EFBC}") = "Exer-02", "..\Exer-02\Exer-02.csproj", "{8600DA72-8723-4A81-B1E9-A0B3EC8292F7}"
EndProject
Project("{FAE04EC0-301F-11D3-BF4B-00C04F79EFBC}") = "Exer-03", "..\Exer-03\Exer-03.csproj", "{6A5FFFBB-B5B5-425F-B15A-9FB95249D3BD}"
EndProject
Project("{FAE04EC0-301F-11D3-BF4B-00C04F79EFBC}") = "Exer-04", "Exer-04\Exer-04.csproj", "{20D816C5-6302-4363-91EE-AA55FD1106BF}"
EndProject
Global
	GlobalSection(SolutionConfigurationPlatforms) = preSolution
		Debug|Any CPU = Debug|Any CPU
		Release|Any CPU = Release|Any CPU
	EndGlobalSection
	GlobalSection(ProjectConfigurationPlatforms) = postSolution
		{DE8E8D54-06FE-4816-96FF-805D35A0E2AF}.Debug|Any CPU.ActiveCfg = Debug|Any CPU
		{DE8E8D54-06FE-4816-96FF-805D35A0E2AF}.Debug|Any CPU.Build.0 = Debug|Any CPU
		{DE8E8D54-06FE-4816-96FF-805D35A0E2AF}.Release|Any CPU.ActiveCfg = Release|Any CPU
		{DE8E8D54-06FE-4816-96FF-805D35A0E2AF}.Release|Any CPU.Build.0 = Release|Any CPU
		{8600DA72-8723-4A81-B1E9-A0B3EC8292F7}.Debug|Any CPU.ActiveCfg = Debug|Any CPU
		{8600DA72-8723-4A81-B1E9-A0B3EC8292F7}.Debug|Any CPU.Build.0 = Debug|Any CPU
		{8600DA72-8723-4A81-B1E9-A0B3EC8292F7}.Release|Any CPU.ActiveCfg = Release|Any CPU
		{8600DA72-8723-4A81-B1E9-A0B3EC8292F7}.Release|Any CPU.Build.0 = Release|Any CPU
		{6A5FFFBB-B5B5-425F-B15A-9FB95249D3BD}.Debug|Any CPU.ActiveCfg = Debug|Any CPU
		{6A5FFFBB-B5B5-425F-B15A-9FB95249D3BD}.Debug|Any CPU.Build.0 = Debug|Any CPU
		{6A5FFFBB-B5B5-425F-B15A-9FB95249D3BD}.Release|Any CPU.ActiveCfg = Release|Any CPU
		{6A5FFFBB-B5B5-425F-B15A-9FB95249D3BD}.Release|Any CPU.Build.0 = Release|Any CPU
		{20D816C5-6302-4363-91EE-AA55FD1106BF}.Debug|Any CPU.ActiveCfg = Debug|Any CPU
		{20D816C5-6302-4363-91EE-AA55FD1106BF}.Debug|Any CPU.Build.0 = Debug|Any CPU
		{20D816C5-6302-4363-91EE-AA55FD1106BF}.Release|Any CPU.ActiveCfg = Release|Any CPU
		{20D816C5-6302-4363-91EE-AA55FD1106BF}.Release|Any CPU.Build.0 = Release|Any CPU
	EndGlobalSection
	GlobalSection(SolutionProperties) = preSolution
		HideSolutionNode = FALSE
	EndGlobalSection
	GlobalSection(ExtensibilityGlobals) = postSolution
		SolutionGuid = {B251AFD9-4977-4668-965C-C0C491DDC163}
	EndGlobalSection
EndGlobal
