
Microsoft Visual Studio Solution File, Format Version 12.00
# Visual Studio Version 17
VisualStudioVersion = 17.6.33829.357
MinimumVisualStudioVersion = 10.0.40219.1
Project("{FAE04EC0-301F-11D3-BF4B-00C04F79EFBC}") = "Exer-02", "Exer-02.csproj", "{2495F8F0-621E-4CC7-B57A-0F3BEE15B193}"
EndProject
Global
	GlobalSection(SolutionConfigurationPlatforms) = preSolution
		Debug|Any CPU = Debug|Any CPU
		Release|Any CPU = Release|Any CPU
	EndGlobalSection
	GlobalSection(ProjectConfigurationPlatforms) = postSolution
		{2495F8F0-621E-4CC7-B57A-0F3BEE15B193}.Debug|Any CPU.ActiveCfg = Debug|Any CPU
		{2495F8F0-621E-4CC7-B57A-0F3BEE15B193}.Debug|Any CPU.Build.0 = Debug|Any CPU
		{2495F8F0-621E-4CC7-B57A-0F3BEE15B193}.Release|Any CPU.ActiveCfg = Release|Any CPU
		{2495F8F0-621E-4CC7-B57A-0F3BEE15B193}.Release|Any CPU.Build.0 = Release|Any CPU
	EndGlobalSection
	GlobalSection(SolutionProperties) = preSolution
		HideSolutionNode = FALSE
	EndGlobalSection
	GlobalSection(ExtensibilityGlobals) = postSolution
		SolutionGuid = {0EC8D1A3-B6CE-4567-95B7-82FD20800007}
	EndGlobalSection
EndGlobal
