
Microsoft Visual Studio Solution File, Format Version 12.00
# Visual Studio Version 17
VisualStudioVersion = 17.6.33829.357
MinimumVisualStudioVersion = 10.0.40219.1
Project("{FAE04EC0-301F-11D3-BF4B-00C04F79EFBC}") = "Exercicio-numero-par-impar", "Exercicio-numero-par-impar.csproj", "{578B10DC-8285-4E8F-B6F5-420651048DAB}"
EndProject
Global
	GlobalSection(SolutionConfigurationPlatforms) = preSolution
		Debug|Any CPU = Debug|Any CPU
		Release|Any CPU = Release|Any CPU
	EndGlobalSection
	GlobalSection(ProjectConfigurationPlatforms) = postSolution
		{578B10DC-8285-4E8F-B6F5-420651048DAB}.Debug|Any CPU.ActiveCfg = Debug|Any CPU
		{578B10DC-8285-4E8F-B6F5-420651048DAB}.Debug|Any CPU.Build.0 = Debug|Any CPU
		{578B10DC-8285-4E8F-B6F5-420651048DAB}.Release|Any CPU.ActiveCfg = Release|Any CPU
		{578B10DC-8285-4E8F-B6F5-420651048DAB}.Release|Any CPU.Build.0 = Release|Any CPU
	EndGlobalSection
	GlobalSection(SolutionProperties) = preSolution
		HideSolutionNode = FALSE
	EndGlobalSection
	GlobalSection(ExtensibilityGlobals) = postSolution
		SolutionGuid = {8CF04A1D-D291-4980-A3DC-7BEA71B810E9}
	EndGlobalSection
EndGlobal
