
Microsoft Visual Studio Solution File, Format Version 12.00
# Visual Studio Version 17
VisualStudioVersion = 17.6.33829.357
MinimumVisualStudioVersion = 10.0.40219.1
Project("{FAE04EC0-301F-11D3-BF4B-00C04F79EFBC}") = "Exer-03", "Exer-03.csproj", "{38B9206F-D5BE-43AA-8492-9AC8F0A6F20F}"
EndProject
Global
	GlobalSection(SolutionConfigurationPlatforms) = preSolution
		Debug|Any CPU = Debug|Any CPU
		Release|Any CPU = Release|Any CPU
	EndGlobalSection
	GlobalSection(ProjectConfigurationPlatforms) = postSolution
		{38B9206F-D5BE-43AA-8492-9AC8F0A6F20F}.Debug|Any CPU.ActiveCfg = Debug|Any CPU
		{38B9206F-D5BE-43AA-8492-9AC8F0A6F20F}.Debug|Any CPU.Build.0 = Debug|Any CPU
		{38B9206F-D5BE-43AA-8492-9AC8F0A6F20F}.Release|Any CPU.ActiveCfg = Release|Any CPU
		{38B9206F-D5BE-43AA-8492-9AC8F0A6F20F}.Release|Any CPU.Build.0 = Release|Any CPU
	EndGlobalSection
	GlobalSection(SolutionProperties) = preSolution
		HideSolutionNode = FALSE
	EndGlobalSection
	GlobalSection(ExtensibilityGlobals) = postSolution
		SolutionGuid = {66D25445-C4B0-4207-B4B6-EEA7036E2531}
	EndGlobalSection
EndGlobal
