
Microsoft Visual Studio Solution File, Format Version 12.00
# Visual Studio Version 17
VisualStudioVersion = 17.6.33829.357
MinimumVisualStudioVersion = 10.0.40219.1
Project("{FAE04EC0-301F-11D3-BF4B-00C04F79EFBC}") = "Exercicio-area-de-circulo", "Exercicio-area-de-circulo.csproj", "{131E8CE2-0672-4D82-946E-84DBDC419843}"
EndProject
Global
	GlobalSection(SolutionConfigurationPlatforms) = preSolution
		Debug|Any CPU = Debug|Any CPU
		Release|Any CPU = Release|Any CPU
	EndGlobalSection
	GlobalSection(ProjectConfigurationPlatforms) = postSolution
		{131E8CE2-0672-4D82-946E-84DBDC419843}.Debug|Any CPU.ActiveCfg = Debug|Any CPU
		{131E8CE2-0672-4D82-946E-84DBDC419843}.Debug|Any CPU.Build.0 = Debug|Any CPU
		{131E8CE2-0672-4D82-946E-84DBDC419843}.Release|Any CPU.ActiveCfg = Release|Any CPU
		{131E8CE2-0672-4D82-946E-84DBDC419843}.Release|Any CPU.Build.0 = Release|Any CPU
	EndGlobalSection
	GlobalSection(SolutionProperties) = preSolution
		HideSolutionNode = FALSE
	EndGlobalSection
	GlobalSection(ExtensibilityGlobals) = postSolution
		SolutionGuid = {8DB92451-1030-45DF-9957-1B9172270CD6}
	EndGlobalSection
EndGlobal
